
Microsoft Visual Studio Solution File, Format Version 12.00
# Visual Studio 15
VisualStudioVersion = 15.0.28307.645
MinimumVisualStudioVersion = 10.0.40219.1
Project("{FAE04EC0-301F-11D3-BF4B-00C04F79EFBC}") = "Find Botu", "SelenıumWinform\Find Botu.csproj", "{B917F043-DB0A-45C1-BEA2-54EE170172A1}"
EndProject
Global
	GlobalSection(SolutionConfigurationPlatforms) = preSolution
		Debug|Any CPU = Debug|Any CPU
		Release|Any CPU = Release|Any CPU
	EndGlobalSection
	GlobalSection(ProjectConfigurationPlatforms) = postSolution
		{B917F043-DB0A-45C1-BEA2-54EE170172A1}.Debug|Any CPU.ActiveCfg = Debug|Any CPU
		{B917F043-DB0A-45C1-BEA2-54EE170172A1}.Debug|Any CPU.Build.0 = Debug|Any CPU
		{B917F043-DB0A-45C1-BEA2-54EE170172A1}.Release|Any CPU.ActiveCfg = Release|Any CPU
		{B917F043-DB0A-45C1-BEA2-54EE170172A1}.Release|Any CPU.Build.0 = Release|Any CPU
	EndGlobalSection
	GlobalSection(SolutionProperties) = preSolution
		HideSolutionNode = FALSE
	EndGlobalSection
	GlobalSection(ExtensibilityGlobals) = postSolution
		SolutionGuid = {542DE356-1413-4102-AD49-08E562E33255}
	EndGlobalSection
EndGlobal
